
Microsoft Visual Studio Solution File, Format Version 12.00
# Visual Studio 15
VisualStudioVersion = 15.0.28307.421
MinimumVisualStudioVersion = 10.0.40219.1
Project("{DA7A21FA-8162-4350-AD77-A8D1B671F3ED}") = "annfit", "annfit.rxproj", "{F6B5D0C0-05C2-46E1-B78C-A55F11011757}"
EndProject
Global
	GlobalSection(SolutionConfigurationPlatforms) = preSolution
		Debug|Any CPU = Debug|Any CPU
		Release|Any CPU = Release|Any CPU
	EndGlobalSection
	GlobalSection(ProjectConfigurationPlatforms) = postSolution
		{F6B5D0C0-05C2-46E1-B78C-A55F11011757}.Debug|Any CPU.ActiveCfg = Debug|Any CPU
		{F6B5D0C0-05C2-46E1-B78C-A55F11011757}.Debug|Any CPU.Build.0 = Debug|Any CPU
		{F6B5D0C0-05C2-46E1-B78C-A55F11011757}.Release|Any CPU.ActiveCfg = Release|Any CPU
		{F6B5D0C0-05C2-46E1-B78C-A55F11011757}.Release|Any CPU.Build.0 = Release|Any CPU
	EndGlobalSection
	GlobalSection(SolutionProperties) = preSolution
		HideSolutionNode = FALSE
	EndGlobalSection
	GlobalSection(ExtensibilityGlobals) = postSolution
		SolutionGuid = {F3CD2107-E359-4B37-8819-65A46F560E58}
	EndGlobalSection
EndGlobal
